
Microsoft Visual Studio Solution File, Format Version 12.00
# Visual Studio Version 17
VisualStudioVersion = 17.0.31903.59
MinimumVisualStudioVersion = 10.0.40219.1
Project("{FAE04EC0-301F-11D3-BF4B-00C04F79EFBC}") = "Data", "Data\Data.csproj", "{C2701B7A-5EA3-4CEA-9F22-6BA5FAC16853}"
EndProject
Project("{FAE04EC0-301F-11D3-BF4B-00C04F79EFBC}") = "DTOs", "DTOs\DTOs.csproj", "{7C1C9BDB-2F2F-443C-B359-1E441FF418BE}"
EndProject
Project("{FAE04EC0-301F-11D3-BF4B-00C04F79EFBC}") = "WebAPI", "WebAPI\WebAPI.csproj", "{6F72187A-F715-4526-A5B9-85B7D1158852}"
EndProject
Project("{FAE04EC0-301F-11D3-BF4B-00C04F79EFBC}") = "WinForms", "WinForms\WinForms.csproj", "{DE83D29D-BE95-4B26-9824-B57B01BF8A2F}"
EndProject
Project("{FAE04EC0-301F-11D3-BF4B-00C04F79EFBC}") = "DominioModelo", "DominioModelo\DominioModelo.csproj", "{A3537FFA-18FC-FA30-00E5-62858EBFED80}"
EndProject
Project("{FAE04EC0-301F-11D3-BF4B-00C04F79EFBC}") = "DominioServicios", "DominioServicios\DominioServicios.csproj", "{1E27E176-BFAB-F111-6E0F-7E68A19F98F4}"
EndProject
Project("{FAE04EC0-301F-11D3-BF4B-00C04F79EFBC}") = "ApiClient", "ApiClient\ApiClient.csproj", "{6193B99B-377A-E893-614B-CC0022A6AD4C}"
EndProject
Global
	GlobalSection(SolutionConfigurationPlatforms) = preSolution
		Debug|Any CPU = Debug|Any CPU
		Debug|x64 = Debug|x64
		Debug|x86 = Debug|x86
		Release|Any CPU = Release|Any CPU
		Release|x64 = Release|x64
		Release|x86 = Release|x86
	EndGlobalSection
	GlobalSection(ProjectConfigurationPlatforms) = postSolution
		{C2701B7A-5EA3-4CEA-9F22-6BA5FAC16853}.Debug|Any CPU.ActiveCfg = Debug|Any CPU
		{C2701B7A-5EA3-4CEA-9F22-6BA5FAC16853}.Debug|Any CPU.Build.0 = Debug|Any CPU
		{C2701B7A-5EA3-4CEA-9F22-6BA5FAC16853}.Debug|x64.ActiveCfg = Debug|Any CPU
		{C2701B7A-5EA3-4CEA-9F22-6BA5FAC16853}.Debug|x64.Build.0 = Debug|Any CPU
		{C2701B7A-5EA3-4CEA-9F22-6BA5FAC16853}.Debug|x86.ActiveCfg = Debug|Any CPU
		{C2701B7A-5EA3-4CEA-9F22-6BA5FAC16853}.Debug|x86.Build.0 = Debug|Any CPU
		{C2701B7A-5EA3-4CEA-9F22-6BA5FAC16853}.Release|Any CPU.ActiveCfg = Release|Any CPU
		{C2701B7A-5EA3-4CEA-9F22-6BA5FAC16853}.Release|Any CPU.Build.0 = Release|Any CPU
		{C2701B7A-5EA3-4CEA-9F22-6BA5FAC16853}.Release|x64.ActiveCfg = Release|Any CPU
		{C2701B7A-5EA3-4CEA-9F22-6BA5FAC16853}.Release|x64.Build.0 = Release|Any CPU
		{C2701B7A-5EA3-4CEA-9F22-6BA5FAC16853}.Release|x86.ActiveCfg = Release|Any CPU
		{C2701B7A-5EA3-4CEA-9F22-6BA5FAC16853}.Release|x86.Build.0 = Release|Any CPU
		{7C1C9BDB-2F2F-443C-B359-1E441FF418BE}.Debug|Any CPU.ActiveCfg = Debug|Any CPU
		{7C1C9BDB-2F2F-443C-B359-1E441FF418BE}.Debug|Any CPU.Build.0 = Debug|Any CPU
		{7C1C9BDB-2F2F-443C-B359-1E441FF418BE}.Debug|x64.ActiveCfg = Debug|Any CPU
		{7C1C9BDB-2F2F-443C-B359-1E441FF418BE}.Debug|x64.Build.0 = Debug|Any CPU
		{7C1C9BDB-2F2F-443C-B359-1E441FF418BE}.Debug|x86.ActiveCfg = Debug|Any CPU
		{7C1C9BDB-2F2F-443C-B359-1E441FF418BE}.Debug|x86.Build.0 = Debug|Any CPU
		{7C1C9BDB-2F2F-443C-B359-1E441FF418BE}.Release|Any CPU.ActiveCfg = Release|Any CPU
		{7C1C9BDB-2F2F-443C-B359-1E441FF418BE}.Release|Any CPU.Build.0 = Release|Any CPU
		{7C1C9BDB-2F2F-443C-B359-1E441FF418BE}.Release|x64.ActiveCfg = Release|Any CPU
		{7C1C9BDB-2F2F-443C-B359-1E441FF418BE}.Release|x64.Build.0 = Release|Any CPU
		{7C1C9BDB-2F2F-443C-B359-1E441FF418BE}.Release|x86.ActiveCfg = Release|Any CPU
		{7C1C9BDB-2F2F-443C-B359-1E441FF418BE}.Release|x86.Build.0 = Release|Any CPU
		{6F72187A-F715-4526-A5B9-85B7D1158852}.Debug|Any CPU.ActiveCfg = Debug|Any CPU
		{6F72187A-F715-4526-A5B9-85B7D1158852}.Debug|Any CPU.Build.0 = Debug|Any CPU
		{6F72187A-F715-4526-A5B9-85B7D1158852}.Debug|x64.ActiveCfg = Debug|Any CPU
		{6F72187A-F715-4526-A5B9-85B7D1158852}.Debug|x64.Build.0 = Debug|Any CPU
		{6F72187A-F715-4526-A5B9-85B7D1158852}.Debug|x86.ActiveCfg = Debug|Any CPU
		{6F72187A-F715-4526-A5B9-85B7D1158852}.Debug|x86.Build.0 = Debug|Any CPU
		{6F72187A-F715-4526-A5B9-85B7D1158852}.Release|Any CPU.ActiveCfg = Release|Any CPU
		{6F72187A-F715-4526-A5B9-85B7D1158852}.Release|Any CPU.Build.0 = Release|Any CPU
		{6F72187A-F715-4526-A5B9-85B7D1158852}.Release|x64.ActiveCfg = Release|Any CPU
		{6F72187A-F715-4526-A5B9-85B7D1158852}.Release|x64.Build.0 = Release|Any CPU
		{6F72187A-F715-4526-A5B9-85B7D1158852}.Release|x86.ActiveCfg = Release|Any CPU
		{6F72187A-F715-4526-A5B9-85B7D1158852}.Release|x86.Build.0 = Release|Any CPU
		{DE83D29D-BE95-4B26-9824-B57B01BF8A2F}.Debug|Any CPU.ActiveCfg = Debug|Any CPU
		{DE83D29D-BE95-4B26-9824-B57B01BF8A2F}.Debug|Any CPU.Build.0 = Debug|Any CPU
		{DE83D29D-BE95-4B26-9824-B57B01BF8A2F}.Debug|x64.ActiveCfg = Debug|Any CPU
		{DE83D29D-BE95-4B26-9824-B57B01BF8A2F}.Debug|x64.Build.0 = Debug|Any CPU
		{DE83D29D-BE95-4B26-9824-B57B01BF8A2F}.Debug|x86.ActiveCfg = Debug|Any CPU
		{DE83D29D-BE95-4B26-9824-B57B01BF8A2F}.Debug|x86.Build.0 = Debug|Any CPU
		{DE83D29D-BE95-4B26-9824-B57B01BF8A2F}.Release|Any CPU.ActiveCfg = Release|Any CPU
		{DE83D29D-BE95-4B26-9824-B57B01BF8A2F}.Release|Any CPU.Build.0 = Release|Any CPU
		{DE83D29D-BE95-4B26-9824-B57B01BF8A2F}.Release|x64.ActiveCfg = Release|Any CPU
		{DE83D29D-BE95-4B26-9824-B57B01BF8A2F}.Release|x64.Build.0 = Release|Any CPU
		{DE83D29D-BE95-4B26-9824-B57B01BF8A2F}.Release|x86.ActiveCfg = Release|Any CPU
		{DE83D29D-BE95-4B26-9824-B57B01BF8A2F}.Release|x86.Build.0 = Release|Any CPU
		{A3537FFA-18FC-FA30-00E5-62858EBFED80}.Debug|Any CPU.ActiveCfg = Debug|Any CPU
		{A3537FFA-18FC-FA30-00E5-62858EBFED80}.Debug|Any CPU.Build.0 = Debug|Any CPU
		{A3537FFA-18FC-FA30-00E5-62858EBFED80}.Debug|x64.ActiveCfg = Debug|Any CPU
		{A3537FFA-18FC-FA30-00E5-62858EBFED80}.Debug|x64.Build.0 = Debug|Any CPU
		{A3537FFA-18FC-FA30-00E5-62858EBFED80}.Debug|x86.ActiveCfg = Debug|Any CPU
		{A3537FFA-18FC-FA30-00E5-62858EBFED80}.Debug|x86.Build.0 = Debug|Any CPU
		{A3537FFA-18FC-FA30-00E5-62858EBFED80}.Release|Any CPU.ActiveCfg = Release|Any CPU
		{A3537FFA-18FC-FA30-00E5-62858EBFED80}.Release|Any CPU.Build.0 = Release|Any CPU
		{A3537FFA-18FC-FA30-00E5-62858EBFED80}.Release|x64.ActiveCfg = Release|Any CPU
		{A3537FFA-18FC-FA30-00E5-62858EBFED80}.Release|x64.Build.0 = Release|Any CPU
		{A3537FFA-18FC-FA30-00E5-62858EBFED80}.Release|x86.ActiveCfg = Release|Any CPU
		{A3537FFA-18FC-FA30-00E5-62858EBFED80}.Release|x86.Build.0 = Release|Any CPU
		{1E27E176-BFAB-F111-6E0F-7E68A19F98F4}.Debug|Any CPU.ActiveCfg = Debug|Any CPU
		{1E27E176-BFAB-F111-6E0F-7E68A19F98F4}.Debug|Any CPU.Build.0 = Debug|Any CPU
		{1E27E176-BFAB-F111-6E0F-7E68A19F98F4}.Debug|x64.ActiveCfg = Debug|Any CPU
		{1E27E176-BFAB-F111-6E0F-7E68A19F98F4}.Debug|x64.Build.0 = Debug|Any CPU
		{1E27E176-BFAB-F111-6E0F-7E68A19F98F4}.Debug|x86.ActiveCfg = Debug|Any CPU
		{1E27E176-BFAB-F111-6E0F-7E68A19F98F4}.Debug|x86.Build.0 = Debug|Any CPU
		{1E27E176-BFAB-F111-6E0F-7E68A19F98F4}.Release|Any CPU.ActiveCfg = Release|Any CPU
		{1E27E176-BFAB-F111-6E0F-7E68A19F98F4}.Release|Any CPU.Build.0 = Release|Any CPU
		{1E27E176-BFAB-F111-6E0F-7E68A19F98F4}.Release|x64.ActiveCfg = Release|Any CPU
		{1E27E176-BFAB-F111-6E0F-7E68A19F98F4}.Release|x64.Build.0 = Release|Any CPU
		{1E27E176-BFAB-F111-6E0F-7E68A19F98F4}.Release|x86.ActiveCfg = Release|Any CPU
		{1E27E176-BFAB-F111-6E0F-7E68A19F98F4}.Release|x86.Build.0 = Release|Any CPU
		{6193B99B-377A-E893-614B-CC0022A6AD4C}.Debug|Any CPU.ActiveCfg = Debug|Any CPU
		{6193B99B-377A-E893-614B-CC0022A6AD4C}.Debug|Any CPU.Build.0 = Debug|Any CPU
		{6193B99B-377A-E893-614B-CC0022A6AD4C}.Debug|x64.ActiveCfg = Debug|Any CPU
		{6193B99B-377A-E893-614B-CC0022A6AD4C}.Debug|x64.Build.0 = Debug|Any CPU
		{6193B99B-377A-E893-614B-CC0022A6AD4C}.Debug|x86.ActiveCfg = Debug|Any CPU
		{6193B99B-377A-E893-614B-CC0022A6AD4C}.Debug|x86.Build.0 = Debug|Any CPU
		{6193B99B-377A-E893-614B-CC0022A6AD4C}.Release|Any CPU.ActiveCfg = Release|Any CPU
		{6193B99B-377A-E893-614B-CC0022A6AD4C}.Release|Any CPU.Build.0 = Release|Any CPU
		{6193B99B-377A-E893-614B-CC0022A6AD4C}.Release|x64.ActiveCfg = Release|Any CPU
		{6193B99B-377A-E893-614B-CC0022A6AD4C}.Release|x64.Build.0 = Release|Any CPU
		{6193B99B-377A-E893-614B-CC0022A6AD4C}.Release|x86.ActiveCfg = Release|Any CPU
		{6193B99B-377A-E893-614B-CC0022A6AD4C}.Release|x86.Build.0 = Release|Any CPU
	EndGlobalSection
	GlobalSection(SolutionProperties) = preSolution
		HideSolutionNode = FALSE
	EndGlobalSection
	GlobalSection(ExtensibilityGlobals) = postSolution
		SolutionGuid = {C5A8A3E1-F55B-410F-A3ED-BC0130CD18C9}
	EndGlobalSection
EndGlobal
